// !$*UTF8*$!
{
	archiveVersion = 1;
	classes = {
	};
	objectVersion = 46;
	objects = {

/* Begin PBXBuildFile section */
		6B217CA616DD3783005FBEA6 /* asad_portrait.png in Resources */ = {isa = PBXBuildFile; fileRef = 6B217C9E16DD3783005FBEA6 /* asad_portrait.png */; };
		6B217CA716DD3783005FBEA6 /* asad_portrait@2x.png in Resources */ = {isa = PBXBuildFile; fileRef = 6B217C9F16DD3783005FBEA6 /* asad_portrait@2x.png */; };
		6B217CA816DD3783005FBEA6 /* hind_portrait.png in Resources */ = {isa = PBXBuildFile; fileRef = 6B217CA016DD3783005FBEA6 /* hind_portrait.png */; };
		6B217CA916DD3783005FBEA6 /* hind_portrait@2x.png in Resources */ = {isa = PBXBuildFile; fileRef = 6B217CA116DD3783005FBEA6 /* hind_portrait@2x.png */; };
		6B217CAA16DD3783005FBEA6 /* zahiyee_portrait.png in Resources */ = {isa = PBXBuildFile; fileRef = 6B217CA216DD3783005FBEA6 /* zahiyee_portrait.png */; };
		6B217CAB16DD3783005FBEA6 /* zahiyee_portrait@2x.png in Resources */ = {isa = PBXBuildFile; fileRef = 6B217CA316DD3783005FBEA6 /* zahiyee_portrait@2x.png */; };
		6B217CAC16DD3783005FBEA6 /* youssef_portrait.png in Resources */ = {isa = PBXBuildFile; fileRef = 6B217CA416DD3783005FBEA6 /* youssef_portrait.png */; };
		6B217CAD16DD3783005FBEA6 /* youssef_portrait@2x.png in Resources */ = {isa = PBXBuildFile; fileRef = 6B217CA516DD3783005FBEA6 /* youssef_portrait@2x.png */; };
		6B217CC316DD3AA9005FBEA6 /* asad_s_1.png in Resources */ = {isa = PBXBuildFile; fileRef = 6B217CAF16DD3AA9005FBEA6 /* asad_s_1.png */; };
		6B217CC416DD3AA9005FBEA6 /* asad_s_1@2x.png in Resources */ = {isa = PBXBuildFile; fileRef = 6B217CB016DD3AA9005FBEA6 /* asad_s_1@2x.png */; };
		6B217CC516DD3AA9005FBEA6 /* asad_s_2.png in Resources */ = {isa = PBXBuildFile; fileRef = 6B217CB116DD3AA9005FBEA6 /* asad_s_2.png */; };
		6B217CC616DD3AA9005FBEA6 /* asad_s_2@2x.png in Resources */ = {isa = PBXBuildFile; fileRef = 6B217CB216DD3AA9005FBEA6 /* asad_s_2@2x.png */; };
		6B217CC716DD3AA9005FBEA6 /* asad_s_3.png in Resources */ = {isa = PBXBuildFile; fileRef = 6B217CB316DD3AA9005FBEA6 /* asad_s_3.png */; };
		6B217CC816DD3AA9005FBEA6 /* asad_s_3@2x.png in Resources */ = {isa = PBXBuildFile; fileRef = 6B217CB416DD3AA9005FBEA6 /* asad_s_3@2x.png */; };
		6B217CC916DD3AA9005FBEA6 /* asad_s_4.png in Resources */ = {isa = PBXBuildFile; fileRef = 6B217CB516DD3AA9005FBEA6 /* asad_s_4.png */; };
		6B217CCA16DD3AA9005FBEA6 /* asad_s_4@2x.png in Resources */ = {isa = PBXBuildFile; fileRef = 6B217CB616DD3AA9005FBEA6 /* asad_s_4@2x.png */; };
		6B217CCB16DD3AA9005FBEA6 /* asad_s_5.png in Resources */ = {isa = PBXBuildFile; fileRef = 6B217CB716DD3AA9005FBEA6 /* asad_s_5.png */; };
		6B217CCC16DD3AA9005FBEA6 /* asad_s_5@2x.png in Resources */ = {isa = PBXBuildFile; fileRef = 6B217CB816DD3AA9005FBEA6 /* asad_s_5@2x.png */; };
		6B217CCD16DD3AA9005FBEA6 /* asad_e_3.png in Resources */ = {isa = PBXBuildFile; fileRef = 6B217CB916DD3AA9005FBEA6 /* asad_e_3.png */; };
		6B217CCE16DD3AA9005FBEA6 /* asad_e_3@2x.png in Resources */ = {isa = PBXBuildFile; fileRef = 6B217CBA16DD3AA9005FBEA6 /* asad_e_3@2x.png */; };
		6B217CCF16DD3AA9005FBEA6 /* asad_e_4.png in Resources */ = {isa = PBXBuildFile; fileRef = 6B217CBB16DD3AA9005FBEA6 /* asad_e_4.png */; };
		6B217CD016DD3AA9005FBEA6 /* asad_e_4@2x.png in Resources */ = {isa = PBXBuildFile; fileRef = 6B217CBC16DD3AA9005FBEA6 /* asad_e_4@2x.png */; };
		6B217CD116DD3AA9005FBEA6 /* asad_e_5.png in Resources */ = {isa = PBXBuildFile; fileRef = 6B217CBD16DD3AA9005FBEA6 /* asad_e_5.png */; };
		6B217CD216DD3AA9005FBEA6 /* asad_e_5@2x.png in Resources */ = {isa = PBXBuildFile; fileRef = 6B217CBE16DD3AA9005FBEA6 /* asad_e_5@2x.png */; };
		6B217CD316DD3AA9005FBEA6 /* asad_e_2.png in Resources */ = {isa = PBXBuildFile; fileRef = 6B217CBF16DD3AA9005FBEA6 /* asad_e_2.png */; };
		6B217CD416DD3AA9005FBEA6 /* asad_e_2@2x.png in Resources */ = {isa = PBXBuildFile; fileRef = 6B217CC016DD3AA9005FBEA6 /* asad_e_2@2x.png */; };
		6B217CD516DD3AA9005FBEA6 /* asad_e_1.png in Resources */ = {isa = PBXBuildFile; fileRef = 6B217CC116DD3AA9005FBEA6 /* asad_e_1.png */; };
		6B217CD616DD3AA9005FBEA6 /* asad_e_1@2x.png in Resources */ = {isa = PBXBuildFile; fileRef = 6B217CC216DD3AA9005FBEA6 /* asad_e_1@2x.png */; };
		6B29B83E16B19F9400EFC77D /* bodymockup.png in Resources */ = {isa = PBXBuildFile; fileRef = 6B29B83C16B19F9400EFC77D /* bodymockup.png */; };
		6B29B83F16B19F9400EFC77D /* portraitmockup.png in Resources */ = {isa = PBXBuildFile; fileRef = 6B29B83D16B19F9400EFC77D /* portraitmockup.png */; };
		6B29B84316B1A10700EFC77D /* lebanon.png in Resources */ = {isa = PBXBuildFile; fileRef = 6B29B84116B1A10700EFC77D /* lebanon.png */; };
		6B29B84416B1A10700EFC77D /* nc.png in Resources */ = {isa = PBXBuildFile; fileRef = 6B29B84216B1A10700EFC77D /* nc.png */; };
		6B29B84616B1A28400EFC77D /* storypanels.png in Resources */ = {isa = PBXBuildFile; fileRef = 6B29B84516B1A28400EFC77D /* storypanels.png */; };
		6B71308316EF8A37004801E7 /* grandfather.mp4 in Resources */ = {isa = PBXBuildFile; fileRef = 6B71308216EF8A37004801E7 /* grandfather.mp4 */; };
		6B71309B16EF9DDC004801E7 /* laytana.m4a in Resources */ = {isa = PBXBuildFile; fileRef = 6B71309916EF9DDC004801E7 /* laytana.m4a */; };
		6B71309C16EF9DDC004801E7 /* masar.m4a in Resources */ = {isa = PBXBuildFile; fileRef = 6B71309A16EF9DDC004801E7 /* masar.m4a */; };
		6B71309D16EFA0CA004801E7 /* AVFoundation.framework in Frameworks */ = {isa = PBXBuildFile; fileRef = B473891E16EEA5410081B69C /* AVFoundation.framework */; };
		6B762F57170B3F4C0099E745 /* youssef_e_1.png in Resources */ = {isa = PBXBuildFile; fileRef = 6B762F2B170B3F4C0099E745 /* youssef_e_1.png */; };
		6B762F58170B3F4C0099E745 /* youssef_e_1@2x.png in Resources */ = {isa = PBXBuildFile; fileRef = 6B762F2C170B3F4C0099E745 /* youssef_e_1@2x.png */; };
		6B762F59170B3F4C0099E745 /* youssef_e_2.png in Resources */ = {isa = PBXBuildFile; fileRef = 6B762F2D170B3F4C0099E745 /* youssef_e_2.png */; };
		6B762F5A170B3F4C0099E745 /* youssef_e_2@2x.png in Resources */ = {isa = PBXBuildFile; fileRef = 6B762F2E170B3F4C0099E745 /* youssef_e_2@2x.png */; };
		6B762F5B170B3F4C0099E745 /* youssef_e_3.png in Resources */ = {isa = PBXBuildFile; fileRef = 6B762F2F170B3F4C0099E745 /* youssef_e_3.png */; };
		6B762F5C170B3F4C0099E745 /* youssef_e_3@2x.png in Resources */ = {isa = PBXBuildFile; fileRef = 6B762F30170B3F4C0099E745 /* youssef_e_3@2x.png */; };
		6B762F5D170B3F4C0099E745 /* youssef_e_4.png in Resources */ = {isa = PBXBuildFile; fileRef = 6B762F31170B3F4C0099E745 /* youssef_e_4.png */; };
		6B762F5E170B3F4C0099E745 /* youssef_e_4@2x.png in Resources */ = {isa = PBXBuildFile; fileRef = 6B762F32170B3F4C0099E745 /* youssef_e_4@2x.png */; };
		6B762F5F170B3F4C0099E745 /* youssef_e_5.png in Resources */ = {isa = PBXBuildFile; fileRef = 6B762F33170B3F4C0099E745 /* youssef_e_5.png */; };
		6B762F60170B3F4C0099E745 /* youssef_e_5@2x.png in Resources */ = {isa = PBXBuildFile; fileRef = 6B762F34170B3F4C0099E745 /* youssef_e_5@2x.png */; };
		6B762F61170B3F4C0099E745 /* youssef_e_6.png in Resources */ = {isa = PBXBuildFile; fileRef = 6B762F35170B3F4C0099E745 /* youssef_e_6.png */; };
		6B762F62170B3F4C0099E745 /* youssef_e_6@2x.png in Resources */ = {isa = PBXBuildFile; fileRef = 6B762F36170B3F4C0099E745 /* youssef_e_6@2x.png */; };
		6B762F63170B3F4C0099E745 /* youssef_s_1.png in Resources */ = {isa = PBXBuildFile; fileRef = 6B762F37170B3F4C0099E745 /* youssef_s_1.png */; };
		6B762F64170B3F4C0099E745 /* youssef_s_1@2x.png in Resources */ = {isa = PBXBuildFile; fileRef = 6B762F38170B3F4C0099E745 /* youssef_s_1@2x.png */; };
		6B762F65170B3F4C0099E745 /* youssef_s_2.png in Resources */ = {isa = PBXBuildFile; fileRef = 6B762F39170B3F4C0099E745 /* youssef_s_2.png */; };
		6B762F66170B3F4C0099E745 /* youssef_s_2@2x.png in Resources */ = {isa = PBXBuildFile; fileRef = 6B762F3A170B3F4C0099E745 /* youssef_s_2@2x.png */; };
		6B762F67170B3F4C0099E745 /* youssef_s_3.png in Resources */ = {isa = PBXBuildFile; fileRef = 6B762F3B170B3F4C0099E745 /* youssef_s_3.png */; };
		6B762F68170B3F4C0099E745 /* youssef_s_3@2x.png in Resources */ = {isa = PBXBuildFile; fileRef = 6B762F3C170B3F4C0099E745 /* youssef_s_3@2x.png */; };
		6B762F69170B3F4C0099E745 /* youssef_s_4.png in Resources */ = {isa = PBXBuildFile; fileRef = 6B762F3D170B3F4C0099E745 /* youssef_s_4.png */; };
		6B762F6A170B3F4C0099E745 /* youssef_s_4@2x.png in Resources */ = {isa = PBXBuildFile; fileRef = 6B762F3E170B3F4C0099E745 /* youssef_s_4@2x.png */; };
		6B762F6B170B3F4C0099E745 /* youssef_s_5.png in Resources */ = {isa = PBXBuildFile; fileRef = 6B762F3F170B3F4C0099E745 /* youssef_s_5.png */; };
		6B762F6C170B3F4C0099E745 /* youssef_s_5@2x.png in Resources */ = {isa = PBXBuildFile; fileRef = 6B762F40170B3F4C0099E745 /* youssef_s_5@2x.png */; };
		6B762F6D170B3F4C0099E745 /* youssef_s_6.png in Resources */ = {isa = PBXBuildFile; fileRef = 6B762F41170B3F4C0099E745 /* youssef_s_6.png */; };
		6B762F6E170B3F4C0099E745 /* youssef_s_6@2x.png in Resources */ = {isa = PBXBuildFile; fileRef = 6B762F42170B3F4C0099E745 /* youssef_s_6@2x.png */; };
		6B762F6F170B3F4C0099E745 /* zahiyee_e_1.png in Resources */ = {isa = PBXBuildFile; fileRef = 6B762F43170B3F4C0099E745 /* zahiyee_e_1.png */; };
		6B762F70170B3F4C0099E745 /* zahiyee_e_1@2x.png in Resources */ = {isa = PBXBuildFile; fileRef = 6B762F44170B3F4C0099E745 /* zahiyee_e_1@2x.png */; };
		6B762F71170B3F4C0099E745 /* zahiyee_e_2.png in Resources */ = {isa = PBXBuildFile; fileRef = 6B762F45170B3F4C0099E745 /* zahiyee_e_2.png */; };
		6B762F72170B3F4C0099E745 /* zahiyee_e_2@2x.png in Resources */ = {isa = PBXBuildFile; fileRef = 6B762F46170B3F4C0099E745 /* zahiyee_e_2@2x.png */; };
		6B762F73170B3F4C0099E745 /* zahiyee_e_3.png in Resources */ = {isa = PBXBuildFile; fileRef = 6B762F47170B3F4C0099E745 /* zahiyee_e_3.png */; };
		6B762F74170B3F4C0099E745 /* zahiyee_e_3@2x.png in Resources */ = {isa = PBXBuildFile; fileRef = 6B762F48170B3F4C0099E745 /* zahiyee_e_3@2x.png */; };
		6B762F75170B3F4C0099E745 /* zahiyee_e_4.png in Resources */ = {isa = PBXBuildFile; fileRef = 6B762F49170B3F4C0099E745 /* zahiyee_e_4.png */; };
		6B762F76170B3F4C0099E745 /* zahiyee_e_4@2x.png in Resources */ = {isa = PBXBuildFile; fileRef = 6B762F4A170B3F4C0099E745 /* zahiyee_e_4@2x.png */; };
		6B762F77170B3F4C0099E745 /* zahiyee_e_5.png in Resources */ = {isa = PBXBuildFile; fileRef = 6B762F4B170B3F4C0099E745 /* zahiyee_e_5.png */; };
		6B762F78170B3F4C0099E745 /* zahiyee_e_5@2x.png in Resources */ = {isa = PBXBuildFile; fileRef = 6B762F4C170B3F4C0099E745 /* zahiyee_e_5@2x.png */; };
		6B762F79170B3F4C0099E745 /* zahiyee_s_1.png in Resources */ = {isa = PBXBuildFile; fileRef = 6B762F4D170B3F4C0099E745 /* zahiyee_s_1.png */; };
		6B762F7A170B3F4C0099E745 /* zahiyee_s_1@2x.png in Resources */ = {isa = PBXBuildFile; fileRef = 6B762F4E170B3F4C0099E745 /* zahiyee_s_1@2x.png */; };
		6B762F7B170B3F4C0099E745 /* zahiyee_s_2.png in Resources */ = {isa = PBXBuildFile; fileRef = 6B762F4F170B3F4C0099E745 /* zahiyee_s_2.png */; };
		6B762F7C170B3F4C0099E745 /* zahiyee_s_2@2x.png in Resources */ = {isa = PBXBuildFile; fileRef = 6B762F50170B3F4C0099E745 /* zahiyee_s_2@2x.png */; };
		6B762F7D170B3F4C0099E745 /* zahiyee_s_3.png in Resources */ = {isa = PBXBuildFile; fileRef = 6B762F51170B3F4C0099E745 /* zahiyee_s_3.png */; };
		6B762F7E170B3F4C0099E745 /* zahiyee_s_3@2x.png in Resources */ = {isa = PBXBuildFile; fileRef = 6B762F52170B3F4C0099E745 /* zahiyee_s_3@2x.png */; };
		6B762F7F170B3F4C0099E745 /* zahiyee_s_4.png in Resources */ = {isa = PBXBuildFile; fileRef = 6B762F53170B3F4C0099E745 /* zahiyee_s_4.png */; };
		6B762F80170B3F4C0099E745 /* zahiyee_s_4@2x.png in Resources */ = {isa = PBXBuildFile; fileRef = 6B762F54170B3F4C0099E745 /* zahiyee_s_4@2x.png */; };
		6B762F81170B3F4C0099E745 /* zahiyee_s_5.png in Resources */ = {isa = PBXBuildFile; fileRef = 6B762F55170B3F4C0099E745 /* zahiyee_s_5.png */; };
		6B762F82170B3F4C0099E745 /* zahiyee_s_5@2x.png in Resources */ = {isa = PBXBuildFile; fileRef = 6B762F56170B3F4C0099E745 /* zahiyee_s_5@2x.png */; };
		6BC012F816D3E51800149DD9 /* Journey.sqlite in Resources */ = {isa = PBXBuildFile; fileRef = 6BC012F716D3E51800149DD9 /* Journey.sqlite */; };
		B40F282B16EBB462007649E9 /* Garamond.ttf in Resources */ = {isa = PBXBuildFile; fileRef = B40F282A16EBB462007649E9 /* Garamond.ttf */; };
		B40F282D16EBBBC5007649E9 /* asad_full@2x.png in Resources */ = {isa = PBXBuildFile; fileRef = B40F282C16EBBBC5007649E9 /* asad_full@2x.png */; };
		B43B7FD916BA00EE00311DC3 /* Character.m in Sources */ = {isa = PBXBuildFile; fileRef = B43B7FD816BA00EE00311DC3 /* Character.m */; };
		B43B7FDC16BA026A00311DC3 /* GameStateManager.m in Sources */ = {isa = PBXBuildFile; fileRef = B43B7FDB16BA026A00311DC3 /* GameStateManager.m */; };
		B4442D8B170DC1EF00D32AF4 /* GaramondBold.ttf in Resources */ = {isa = PBXBuildFile; fileRef = B4442D8A170DBEC400D32AF4 /* GaramondBold.ttf */; };
		B444836116C9BB3F00495A08 /* blank_portrait.png in Resources */ = {isa = PBXBuildFile; fileRef = B444836016C9BB3F00495A08 /* blank_portrait.png */; };
		B448447916EB9C3A0064C9EB /* hind_e_1.png in Resources */ = {isa = PBXBuildFile; fileRef = B448446516EB9C3A0064C9EB /* hind_e_1.png */; };
		B448447A16EB9C3A0064C9EB /* hind_e_1@2x.png in Resources */ = {isa = PBXBuildFile; fileRef = B448446616EB9C3A0064C9EB /* hind_e_1@2x.png */; };
		B448447B16EB9C3A0064C9EB /* hind_e_2.png in Resources */ = {isa = PBXBuildFile; fileRef = B448446716EB9C3A0064C9EB /* hind_e_2.png */; };
		B448447C16EB9C3A0064C9EB /* hind_e_2@2x.png in Resources */ = {isa = PBXBuildFile; fileRef = B448446816EB9C3A0064C9EB /* hind_e_2@2x.png */; };
		B448447D16EB9C3A0064C9EB /* hind_e_3.png in Resources */ = {isa = PBXBuildFile; fileRef = B448446916EB9C3A0064C9EB /* hind_e_3.png */; };
		B448447E16EB9C3A0064C9EB /* hind_e_3@2x.png in Resources */ = {isa = PBXBuildFile; fileRef = B448446A16EB9C3A0064C9EB /* hind_e_3@2x.png */; };
		B448447F16EB9C3A0064C9EB /* hind_e_4.png in Resources */ = {isa = PBXBuildFile; fileRef = B448446B16EB9C3A0064C9EB /* hind_e_4.png */; };
		B448448016EB9C3A0064C9EB /* hind_e_4@2x.png in Resources */ = {isa = PBXBuildFile; fileRef = B448446C16EB9C3A0064C9EB /* hind_e_4@2x.png */; };
		B448448116EB9C3A0064C9EB /* hind_e_5.png in Resources */ = {isa = PBXBuildFile; fileRef = B448446D16EB9C3A0064C9EB /* hind_e_5.png */; };
		B448448216EB9C3A0064C9EB /* hind_e_5@2x.png in Resources */ = {isa = PBXBuildFile; fileRef = B448446E16EB9C3A0064C9EB /* hind_e_5@2x.png */; };
		B448448316EB9C3A0064C9EB /* hind_s_1.png in Resources */ = {isa = PBXBuildFile; fileRef = B448446F16EB9C3A0064C9EB /* hind_s_1.png */; };
		B448448416EB9C3A0064C9EB /* hind_s_1@2x.png in Resources */ = {isa = PBXBuildFile; fileRef = B448447016EB9C3A0064C9EB /* hind_s_1@2x.png */; };
		B448448516EB9C3A0064C9EB /* hind_s_2.png in Resources */ = {isa = PBXBuildFile; fileRef = B448447116EB9C3A0064C9EB /* hind_s_2.png */; };
		B448448616EB9C3A0064C9EB /* hind_s_2@2x.png in Resources */ = {isa = PBXBuildFile; fileRef = B448447216EB9C3A0064C9EB /* hind_s_2@2x.png */; };
		B448448716EB9C3A0064C9EB /* hind_s_3.png in Resources */ = {isa = PBXBuildFile; fileRef = B448447316EB9C3A0064C9EB /* hind_s_3.png */; };
		B448448816EB9C3A0064C9EB /* hind_s_3@2x.png in Resources */ = {isa = PBXBuildFile; fileRef = B448447416EB9C3A0064C9EB /* hind_s_3@2x.png */; };
		B448448916EB9C3A0064C9EB /* hind_s_4.png in Resources */ = {isa = PBXBuildFile; fileRef = B448447516EB9C3A0064C9EB /* hind_s_4.png */; };
		B448448A16EB9C3A0064C9EB /* hind_s_4@2x.png in Resources */ = {isa = PBXBuildFile; fileRef = B448447616EB9C3A0064C9EB /* hind_s_4@2x.png */; };
		B448448B16EB9C3A0064C9EB /* hind_s_5.png in Resources */ = {isa = PBXBuildFile; fileRef = B448447716EB9C3A0064C9EB /* hind_s_5.png */; };
		B448448C16EB9C3A0064C9EB /* hind_s_5@2x.png in Resources */ = {isa = PBXBuildFile; fileRef = B448447816EB9C3A0064C9EB /* hind_s_5@2x.png */; };
		B448448F16EB9D380064C9EB /* hind_full.png in Resources */ = {isa = PBXBuildFile; fileRef = B448448D16EB9D380064C9EB /* hind_full.png */; };
		B448449016EB9D380064C9EB /* hind_full@2x.png in Resources */ = {isa = PBXBuildFile; fileRef = B448448E16EB9D380064C9EB /* hind_full@2x.png */; };
		B448449516EBA2D30064C9EB /* banner-top.png in Resources */ = {isa = PBXBuildFile; fileRef = B448449316EBA2D30064C9EB /* banner-top.png */; };
		B448449616EBA2D30064C9EB /* banner-top@2x.png in Resources */ = {isa = PBXBuildFile; fileRef = B448449416EBA2D30064C9EB /* banner-top@2x.png */; };
		B473891D16EEA51D0081B69C /* MediaPlayer.framework in Frameworks */ = {isa = PBXBuildFile; fileRef = B473891C16EEA51D0081B69C /* MediaPlayer.framework */; };
		B482F18516C554C700A42760 /* asad_full.png in Resources */ = {isa = PBXBuildFile; fileRef = B482F18016C554C700A42760 /* asad_full.png */; };
		B4F90B0516F8A88E0011AFCA /* zahiyee_full.png in Resources */ = {isa = PBXBuildFile; fileRef = B4F90B0116F8A88E0011AFCA /* zahiyee_full.png */; };
		B4F90B0616F8A88E0011AFCA /* zahiyee_full@2x.png in Resources */ = {isa = PBXBuildFile; fileRef = B4F90B0216F8A88E0011AFCA /* zahiyee_full@2x.png */; };
		B4F90B0716F8A88E0011AFCA /* youssef_full.png in Resources */ = {isa = PBXBuildFile; fileRef = B4F90B0316F8A88E0011AFCA /* youssef_full.png */; };
		B4F90B0816F8A88E0011AFCA /* youssef_full@2x.png in Resources */ = {isa = PBXBuildFile; fileRef = B4F90B0416F8A88E0011AFCA /* youssef_full@2x.png */; };
		B4F9441B16B0A1F90092EFFF /* UIKit.framework in Frameworks */ = {isa = PBXBuildFile; fileRef = B4F9441A16B0A1F90092EFFF /* UIKit.framework */; };
		B4F9441D16B0A1F90092EFFF /* Foundation.framework in Frameworks */ = {isa = PBXBuildFile; fileRef = B4F9441C16B0A1F90092EFFF /* Foundation.framework */; };
		B4F9441F16B0A1F90092EFFF /* CoreGraphics.framework in Frameworks */ = {isa = PBXBuildFile; fileRef = B4F9441E16B0A1F90092EFFF /* CoreGraphics.framework */; };
		B4F9442516B0A1F90092EFFF /* InfoPlist.strings in Resources */ = {isa = PBXBuildFile; fileRef = B4F9442316B0A1F90092EFFF /* InfoPlist.strings */; };
		B4F9442716B0A1F90092EFFF /* main.m in Sources */ = {isa = PBXBuildFile; fileRef = B4F9442616B0A1F90092EFFF /* main.m */; };
		B4F9442B16B0A1F90092EFFF /* AppDelegate.m in Sources */ = {isa = PBXBuildFile; fileRef = B4F9442A16B0A1F90092EFFF /* AppDelegate.m */; };
		B4F9442D16B0A1F90092EFFF /* Default.png in Resources */ = {isa = PBXBuildFile; fileRef = B4F9442C16B0A1F90092EFFF /* Default.png */; };
		B4F9442F16B0A1F90092EFFF /* Default@2x.png in Resources */ = {isa = PBXBuildFile; fileRef = B4F9442E16B0A1F90092EFFF /* Default@2x.png */; };
		B4F9443116B0A1F90092EFFF /* Default-568h@2x.png in Resources */ = {isa = PBXBuildFile; fileRef = B4F9443016B0A1F90092EFFF /* Default-568h@2x.png */; };
		B4F9443416B0A1F90092EFFF /* MainStoryboard.storyboard in Resources */ = {isa = PBXBuildFile; fileRef = B4F9443216B0A1F90092EFFF /* MainStoryboard.storyboard */; };
		B4F9443F16B0A2250092EFFF /* StoryPoint.m in Sources */ = {isa = PBXBuildFile; fileRef = B4F9443E16B0A2250092EFFF /* StoryPoint.m */; };
		B4F9444416B0A2900092EFFF /* StoryPointViewController.m in Sources */ = {isa = PBXBuildFile; fileRef = B4F9444316B0A2900092EFFF /* StoryPointViewController.m */; };
		B4F9444716B0A2E70092EFFF /* MainMenuViewController.m in Sources */ = {isa = PBXBuildFile; fileRef = B4F9444616B0A2E70092EFFF /* MainMenuViewController.m */; };
		B4F9444A16B0A2F80092EFFF /* CharacterSelectionViewController.m in Sources */ = {isa = PBXBuildFile; fileRef = B4F9444916B0A2F80092EFFF /* CharacterSelectionViewController.m */; };
		B4F9444D16B0A3080092EFFF /* CharacterDetailViewController.m in Sources */ = {isa = PBXBuildFile; fileRef = B4F9444C16B0A3080092EFFF /* CharacterDetailViewController.m */; };
		B4F9445016B0A3C60092EFFF /* ConclusionViewController.m in Sources */ = {isa = PBXBuildFile; fileRef = B4F9444F16B0A3C60092EFFF /* ConclusionViewController.m */; };
		B4F9445316B0A3D40092EFFF /* HistoricalViewController.m in Sources */ = {isa = PBXBuildFile; fileRef = B4F9445216B0A3D40092EFFF /* HistoricalViewController.m */; };
		B4F9445616B0A3DD0092EFFF /* GameOverViewController.m in Sources */ = {isa = PBXBuildFile; fileRef = B4F9445516B0A3DD0092EFFF /* GameOverViewController.m */; };
		B4F9446816B0C0740092EFFF /* cedaricon72.png in Resources */ = {isa = PBXBuildFile; fileRef = B4F9446716B0C0740092EFFF /* cedaricon72.png */; };
		B4F9446A16B0C07F0092EFFF /* cedaricon144.png in Resources */ = {isa = PBXBuildFile; fileRef = B4F9446916B0C07F0092EFFF /* cedaricon144.png */; };
		B4FD9D41170DAEFB0050EC15 /* stay_in_lebanon.png in Resources */ = {isa = PBXBuildFile; fileRef = B4FD9D3F170DAEFB0050EC15 /* stay_in_lebanon.png */; };
		B4FD9D42170DAEFB0050EC15 /* stay_in_lebanon@2x.png in Resources */ = {isa = PBXBuildFile; fileRef = B4FD9D40170DAEFB0050EC15 /* stay_in_lebanon@2x.png */; };
		DC80597B16CC7B7F00174441 /* As'ad.png in Resources */ = {isa = PBXBuildFile; fileRef = DC80597A16CC7B7F00174441 /* As'ad.png */; };
		DC836C2F16E90DDB00E07FB5 /* blank.png in Resources */ = {isa = PBXBuildFile; fileRef = DC836C2D16E90DDB00E07FB5 /* blank.png */; };
		DC836C3016E90DDB00E07FB5 /* blank@2x.png in Resources */ = {isa = PBXBuildFile; fileRef = DC836C2E16E90DDB00E07FB5 /* blank@2x.png */; };
		DC836C3216E917C000E07FB5 /* blank_full.png in Resources */ = {isa = PBXBuildFile; fileRef = DC836C3116E917BF00E07FB5 /* blank_full.png */; };
		DC90E47E16C83F990054B704 /* libsqlite3.0.dylib in Frameworks */ = {isa = PBXBuildFile; fileRef = DC90E47D16C83F990054B704 /* libsqlite3.0.dylib */; };
/* End PBXBuildFile section */

/* Begin PBXFileReference section */
		6B217C9E16DD3783005FBEA6 /* asad_portrait.png */ = {isa = PBXFileReference; lastKnownFileType = image.png; path = asad_portrait.png; sourceTree = "<group>"; };
		6B217C9F16DD3783005FBEA6 /* asad_portrait@2x.png */ = {isa = PBXFileReference; lastKnownFileType = image.png; path = "asad_portrait@2x.png"; sourceTree = "<group>"; };
		6B217CA016DD3783005FBEA6 /* hind_portrait.png */ = {isa = PBXFileReference; lastKnownFileType = image.png; path = hind_portrait.png; sourceTree = "<group>"; };
		6B217CA116DD3783005FBEA6 /* hind_portrait@2x.png */ = {isa = PBXFileReference; lastKnownFileType = image.png; path = "hind_portrait@2x.png"; sourceTree = "<group>"; };
		6B217CA216DD3783005FBEA6 /* zahiyee_portrait.png */ = {isa = PBXFileReference; lastKnownFileType = image.png; path = zahiyee_portrait.png; sourceTree = "<group>"; };
		6B217CA316DD3783005FBEA6 /* zahiyee_portrait@2x.png */ = {isa = PBXFileReference; lastKnownFileType = image.png; path = "zahiyee_portrait@2x.png"; sourceTree = "<group>"; };
		6B217CA416DD3783005FBEA6 /* youssef_portrait.png */ = {isa = PBXFileReference; lastKnownFileType = image.png; path = youssef_portrait.png; sourceTree = "<group>"; };
		6B217CA516DD3783005FBEA6 /* youssef_portrait@2x.png */ = {isa = PBXFileReference; lastKnownFileType = image.png; path = "youssef_portrait@2x.png"; sourceTree = "<group>"; };
		6B217CAF16DD3AA9005FBEA6 /* asad_s_1.png */ = {isa = PBXFileReference; lastKnownFileType = image.png; path = asad_s_1.png; sourceTree = "<group>"; };
		6B217CB016DD3AA9005FBEA6 /* asad_s_1@2x.png */ = {isa = PBXFileReference; lastKnownFileType = image.png; path = "asad_s_1@2x.png"; sourceTree = "<group>"; };
		6B217CB116DD3AA9005FBEA6 /* asad_s_2.png */ = {isa = PBXFileReference; lastKnownFileType = image.png; path = asad_s_2.png; sourceTree = "<group>"; };
		6B217CB216DD3AA9005FBEA6 /* asad_s_2@2x.png */ = {isa = PBXFileReference; lastKnownFileType = image.png; path = "asad_s_2@2x.png"; sourceTree = "<group>"; };
		6B217CB316DD3AA9005FBEA6 /* asad_s_3.png */ = {isa = PBXFileReference; lastKnownFileType = image.png; path = asad_s_3.png; sourceTree = "<group>"; };
		6B217CB416DD3AA9005FBEA6 /* asad_s_3@2x.png */ = {isa = PBXFileReference; lastKnownFileType = image.png; path = "asad_s_3@2x.png"; sourceTree = "<group>"; };
		6B217CB516DD3AA9005FBEA6 /* asad_s_4.png */ = {isa = PBXFileReference; lastKnownFileType = image.png; path = asad_s_4.png; sourceTree = "<group>"; };
		6B217CB616DD3AA9005FBEA6 /* asad_s_4@2x.png */ = {isa = PBXFileReference; lastKnownFileType = image.png; path = "asad_s_4@2x.png"; sourceTree = "<group>"; };
		6B217CB716DD3AA9005FBEA6 /* asad_s_5.png */ = {isa = PBXFileReference; lastKnownFileType = image.png; path = asad_s_5.png; sourceTree = "<group>"; };
		6B217CB816DD3AA9005FBEA6 /* asad_s_5@2x.png */ = {isa = PBXFileReference; lastKnownFileType = image.png; path = "asad_s_5@2x.png"; sourceTree = "<group>"; };
		6B217CB916DD3AA9005FBEA6 /* asad_e_3.png */ = {isa = PBXFileReference; lastKnownFileType = image.png; path = asad_e_3.png; sourceTree = "<group>"; };
		6B217CBA16DD3AA9005FBEA6 /* asad_e_3@2x.png */ = {isa = PBXFileReference; lastKnownFileType = image.png; path = "asad_e_3@2x.png"; sourceTree = "<group>"; };
		6B217CBB16DD3AA9005FBEA6 /* asad_e_4.png */ = {isa = PBXFileReference; lastKnownFileType = image.png; path = asad_e_4.png; sourceTree = "<group>"; };
		6B217CBC16DD3AA9005FBEA6 /* asad_e_4@2x.png */ = {isa = PBXFileReference; lastKnownFileType = image.png; path = "asad_e_4@2x.png"; sourceTree = "<group>"; };
		6B217CBD16DD3AA9005FBEA6 /* asad_e_5.png */ = {isa = PBXFileReference; lastKnownFileType = image.png; path = asad_e_5.png; sourceTree = "<group>"; };
		6B217CBE16DD3AA9005FBEA6 /* asad_e_5@2x.png */ = {isa = PBXFileReference; lastKnownFileType = image.png; path = "asad_e_5@2x.png"; sourceTree = "<group>"; };
		6B217CBF16DD3AA9005FBEA6 /* asad_e_2.png */ = {isa = PBXFileReference; lastKnownFileType = image.png; path = asad_e_2.png; sourceTree = "<group>"; };
		6B217CC016DD3AA9005FBEA6 /* asad_e_2@2x.png */ = {isa = PBXFileReference; lastKnownFileType = image.png; path = "asad_e_2@2x.png"; sourceTree = "<group>"; };
		6B217CC116DD3AA9005FBEA6 /* asad_e_1.png */ = {isa = PBXFileReference; lastKnownFileType = image.png; path = asad_e_1.png; sourceTree = "<group>"; };
		6B217CC216DD3AA9005FBEA6 /* asad_e_1@2x.png */ = {isa = PBXFileReference; lastKnownFileType = image.png; path = "asad_e_1@2x.png"; sourceTree = "<group>"; };
		6B29B83C16B19F9400EFC77D /* bodymockup.png */ = {isa = PBXFileReference; lastKnownFileType = image.png; path = bodymockup.png; sourceTree = "<group>"; };
		6B29B83D16B19F9400EFC77D /* portraitmockup.png */ = {isa = PBXFileReference; lastKnownFileType = image.png; path = portraitmockup.png; sourceTree = "<group>"; };
		6B29B84116B1A10700EFC77D /* lebanon.png */ = {isa = PBXFileReference; lastKnownFileType = image.png; path = lebanon.png; sourceTree = "<group>"; };
		6B29B84216B1A10700EFC77D /* nc.png */ = {isa = PBXFileReference; lastKnownFileType = image.png; path = nc.png; sourceTree = "<group>"; };
		6B29B84516B1A28400EFC77D /* storypanels.png */ = {isa = PBXFileReference; lastKnownFileType = image.png; path = storypanels.png; sourceTree = "<group>"; };
		6B71308216EF8A37004801E7 /* grandfather.mp4 */ = {isa = PBXFileReference; lastKnownFileType = file; path = grandfather.mp4; sourceTree = "<group>"; };
		6B71309916EF9DDC004801E7 /* laytana.m4a */ = {isa = PBXFileReference; lastKnownFileType = file; path = laytana.m4a; sourceTree = "<group>"; };
		6B71309A16EF9DDC004801E7 /* masar.m4a */ = {isa = PBXFileReference; lastKnownFileType = file; path = masar.m4a; sourceTree = "<group>"; };
		6B762F2B170B3F4C0099E745 /* youssef_e_1.png */ = {isa = PBXFileReference; lastKnownFileType = image.png; path = youssef_e_1.png; sourceTree = "<group>"; };
		6B762F2C170B3F4C0099E745 /* youssef_e_1@2x.png */ = {isa = PBXFileReference; lastKnownFileType = image.png; path = "youssef_e_1@2x.png"; sourceTree = "<group>"; };
		6B762F2D170B3F4C0099E745 /* youssef_e_2.png */ = {isa = PBXFileReference; lastKnownFileType = image.png; path = youssef_e_2.png; sourceTree = "<group>"; };
		6B762F2E170B3F4C0099E745 /* youssef_e_2@2x.png */ = {isa = PBXFileReference; lastKnownFileType = image.png; path = "youssef_e_2@2x.png"; sourceTree = "<group>"; };
		6B762F2F170B3F4C0099E745 /* youssef_e_3.png */ = {isa = PBXFileReference; lastKnownFileType = image.png; path = youssef_e_3.png; sourceTree = "<group>"; };
		6B762F30170B3F4C0099E745 /* youssef_e_3@2x.png */ = {isa = PBXFileReference; lastKnownFileType = image.png; path = "youssef_e_3@2x.png"; sourceTree = "<group>"; };
		6B762F31170B3F4C0099E745 /* youssef_e_4.png */ = {isa = PBXFileReference; lastKnownFileType = image.png; path = youssef_e_4.png; sourceTree = "<group>"; };
		6B762F32170B3F4C0099E745 /* youssef_e_4@2x.png */ = {isa = PBXFileReference; lastKnownFileType = image.png; path = "youssef_e_4@2x.png"; sourceTree = "<group>"; };
		6B762F33170B3F4C0099E745 /* youssef_e_5.png */ = {isa = PBXFileReference; lastKnownFileType = image.png; path = youssef_e_5.png; sourceTree = "<group>"; };
		6B762F34170B3F4C0099E745 /* youssef_e_5@2x.png */ = {isa = PBXFileReference; lastKnownFileType = image.png; path = "youssef_e_5@2x.png"; sourceTree = "<group>"; };
		6B762F35170B3F4C0099E745 /* youssef_e_6.png */ = {isa = PBXFileReference; lastKnownFileType = image.png; path = youssef_e_6.png; sourceTree = "<group>"; };
		6B762F36170B3F4C0099E745 /* youssef_e_6@2x.png */ = {isa = PBXFileReference; lastKnownFileType = image.png; path = "youssef_e_6@2x.png"; sourceTree = "<group>"; };
		6B762F37170B3F4C0099E745 /* youssef_s_1.png */ = {isa = PBXFileReference; lastKnownFileType = image.png; path = youssef_s_1.png; sourceTree = "<group>"; };
		6B762F38170B3F4C0099E745 /* youssef_s_1@2x.png */ = {isa = PBXFileReference; lastKnownFileType = image.png; path = "youssef_s_1@2x.png"; sourceTree = "<group>"; };
		6B762F39170B3F4C0099E745 /* youssef_s_2.png */ = {isa = PBXFileReference; lastKnownFileType = image.png; path = youssef_s_2.png; sourceTree = "<group>"; };
		6B762F3A170B3F4C0099E745 /* youssef_s_2@2x.png */ = {isa = PBXFileReference; lastKnownFileType = image.png; path = "youssef_s_2@2x.png"; sourceTree = "<group>"; };
		6B762F3B170B3F4C0099E745 /* youssef_s_3.png */ = {isa = PBXFileReference; lastKnownFileType = image.png; path = youssef_s_3.png; sourceTree = "<group>"; };
		6B762F3C170B3F4C0099E745 /* youssef_s_3@2x.png */ = {isa = PBXFileReference; lastKnownFileType = image.png; path = "youssef_s_3@2x.png"; sourceTree = "<group>"; };
		6B762F3D170B3F4C0099E745 /* youssef_s_4.png */ = {isa = PBXFileReference; lastKnownFileType = image.png; path = youssef_s_4.png; sourceTree = "<group>"; };
		6B762F3E170B3F4C0099E745 /* youssef_s_4@2x.png */ = {isa = PBXFileReference; lastKnownFileType = image.png; path = "youssef_s_4@2x.png"; sourceTree = "<group>"; };
		6B762F3F170B3F4C0099E745 /* youssef_s_5.png */ = {isa = PBXFileReference; lastKnownFileType = image.png; path = youssef_s_5.png; sourceTree = "<group>"; };
		6B762F40170B3F4C0099E745 /* youssef_s_5@2x.png */ = {isa = PBXFileReference; lastKnownFileType = image.png; path = "youssef_s_5@2x.png"; sourceTree = "<group>"; };
		6B762F41170B3F4C0099E745 /* youssef_s_6.png */ = {isa = PBXFileReference; lastKnownFileType = image.png; path = youssef_s_6.png; sourceTree = "<group>"; };
		6B762F42170B3F4C0099E745 /* youssef_s_6@2x.png */ = {isa = PBXFileReference; lastKnownFileType = image.png; path = "youssef_s_6@2x.png"; sourceTree = "<group>"; };
		6B762F43170B3F4C0099E745 /* zahiyee_e_1.png */ = {isa = PBXFileReference; lastKnownFileType = image.png; path = zahiyee_e_1.png; sourceTree = "<group>"; };
		6B762F44170B3F4C0099E745 /* zahiyee_e_1@2x.png */ = {isa = PBXFileReference; lastKnownFileType = image.png; path = "zahiyee_e_1@2x.png"; sourceTree = "<group>"; };
		6B762F45170B3F4C0099E745 /* zahiyee_e_2.png */ = {isa = PBXFileReference; lastKnownFileType = image.png; path = zahiyee_e_2.png; sourceTree = "<group>"; };
		6B762F46170B3F4C0099E745 /* zahiyee_e_2@2x.png */ = {isa = PBXFileReference; lastKnownFileType = image.png; path = "zahiyee_e_2@2x.png"; sourceTree = "<group>"; };
		6B762F47170B3F4C0099E745 /* zahiyee_e_3.png */ = {isa = PBXFileReference; lastKnownFileType = image.png; path = zahiyee_e_3.png; sourceTree = "<group>"; };
		6B762F48170B3F4C0099E745 /* zahiyee_e_3@2x.png */ = {isa = PBXFileReference; lastKnownFileType = image.png; path = "zahiyee_e_3@2x.png"; sourceTree = "<group>"; };
		6B762F49170B3F4C0099E745 /* zahiyee_e_4.png */ = {isa = PBXFileReference; lastKnownFileType = image.png; path = zahiyee_e_4.png; sourceTree = "<group>"; };
		6B762F4A170B3F4C0099E745 /* zahiyee_e_4@2x.png */ = {isa = PBXFileReference; lastKnownFileType = image.png; path = "zahiyee_e_4@2x.png"; sourceTree = "<group>"; };
		6B762F4B170B3F4C0099E745 /* zahiyee_e_5.png */ = {isa = PBXFileReference; lastKnownFileType = image.png; path = zahiyee_e_5.png; sourceTree = "<group>"; };
		6B762F4C170B3F4C0099E745 /* zahiyee_e_5@2x.png */ = {isa = PBXFileReference; lastKnownFileType = image.png; path = "zahiyee_e_5@2x.png"; sourceTree = "<group>"; };
		6B762F4D170B3F4C0099E745 /* zahiyee_s_1.png */ = {isa = PBXFileReference; lastKnownFileType = image.png; path = zahiyee_s_1.png; sourceTree = "<group>"; };
		6B762F4E170B3F4C0099E745 /* zahiyee_s_1@2x.png */ = {isa = PBXFileReference; lastKnownFileType = image.png; path = "zahiyee_s_1@2x.png"; sourceTree = "<group>"; };
		6B762F4F170B3F4C0099E745 /* zahiyee_s_2.png */ = {isa = PBXFileReference; lastKnownFileType = image.png; path = zahiyee_s_2.png; sourceTree = "<group>"; };
		6B762F50170B3F4C0099E745 /* zahiyee_s_2@2x.png */ = {isa = PBXFileReference; lastKnownFileType = image.png; path = "zahiyee_s_2@2x.png"; sourceTree = "<group>"; };
		6B762F51170B3F4C0099E745 /* zahiyee_s_3.png */ = {isa = PBXFileReference; lastKnownFileType = image.png; path = zahiyee_s_3.png; sourceTree = "<group>"; };
		6B762F52170B3F4C0099E745 /* zahiyee_s_3@2x.png */ = {isa = PBXFileReference; lastKnownFileType = image.png; path = "zahiyee_s_3@2x.png"; sourceTree = "<group>"; };
		6B762F53170B3F4C0099E745 /* zahiyee_s_4.png */ = {isa = PBXFileReference; lastKnownFileType = image.png; path = zahiyee_s_4.png; sourceTree = "<group>"; };
		6B762F54170B3F4C0099E745 /* zahiyee_s_4@2x.png */ = {isa = PBXFileReference; lastKnownFileType = image.png; path = "zahiyee_s_4@2x.png"; sourceTree = "<group>"; };
		6B762F55170B3F4C0099E745 /* zahiyee_s_5.png */ = {isa = PBXFileReference; lastKnownFileType = image.png; path = zahiyee_s_5.png; sourceTree = "<group>"; };
		6B762F56170B3F4C0099E745 /* zahiyee_s_5@2x.png */ = {isa = PBXFileReference; lastKnownFileType = image.png; path = "zahiyee_s_5@2x.png"; sourceTree = "<group>"; };
		6BC012F716D3E51800149DD9 /* Journey.sqlite */ = {isa = PBXFileReference; lastKnownFileType = file; path = Journey.sqlite; sourceTree = "<group>"; };
		B40F282A16EBB462007649E9 /* Garamond.ttf */ = {isa = PBXFileReference; lastKnownFileType = file; path = Garamond.ttf; sourceTree = "<group>"; };
		B40F282C16EBBBC5007649E9 /* asad_full@2x.png */ = {isa = PBXFileReference; lastKnownFileType = image.png; path = "asad_full@2x.png"; sourceTree = "<group>"; };
		B43B7FD716BA00EE00311DC3 /* Character.h */ = {isa = PBXFileReference; fileEncoding = 4; lastKnownFileType = sourcecode.c.h; path = Character.h; sourceTree = "<group>"; };
		B43B7FD816BA00EE00311DC3 /* Character.m */ = {isa = PBXFileReference; fileEncoding = 4; lastKnownFileType = sourcecode.c.objc; path = Character.m; sourceTree = "<group>"; };
		B43B7FDA16BA026A00311DC3 /* GameStateManager.h */ = {isa = PBXFileReference; fileEncoding = 4; lastKnownFileType = sourcecode.c.h; path = GameStateManager.h; sourceTree = "<group>"; };
		B43B7FDB16BA026A00311DC3 /* GameStateManager.m */ = {isa = PBXFileReference; fileEncoding = 4; lastKnownFileType = sourcecode.c.objc; path = GameStateManager.m; sourceTree = "<group>"; };
		B4442D8A170DBEC400D32AF4 /* GaramondBold.ttf */ = {isa = PBXFileReference; lastKnownFileType = file; path = GaramondBold.ttf; sourceTree = "<group>"; };
		B444836016C9BB3F00495A08 /* blank_portrait.png */ = {isa = PBXFileReference; lastKnownFileType = image.png; path = blank_portrait.png; sourceTree = "<group>"; };
		B448446516EB9C3A0064C9EB /* hind_e_1.png */ = {isa = PBXFileReference; lastKnownFileType = image.png; path = hind_e_1.png; sourceTree = "<group>"; };
		B448446616EB9C3A0064C9EB /* hind_e_1@2x.png */ = {isa = PBXFileReference; lastKnownFileType = image.png; path = "hind_e_1@2x.png"; sourceTree = "<group>"; };
		B448446716EB9C3A0064C9EB /* hind_e_2.png */ = {isa = PBXFileReference; lastKnownFileType = image.png; path = hind_e_2.png; sourceTree = "<group>"; };
		B448446816EB9C3A0064C9EB /* hind_e_2@2x.png */ = {isa = PBXFileReference; lastKnownFileType = image.png; path = "hind_e_2@2x.png"; sourceTree = "<group>"; };
		B448446916EB9C3A0064C9EB /* hind_e_3.png */ = {isa = PBXFileReference; lastKnownFileType = image.png; path = hind_e_3.png; sourceTree = "<group>"; };
		B448446A16EB9C3A0064C9EB /* hind_e_3@2x.png */ = {isa = PBXFileReference; lastKnownFileType = image.png; path = "hind_e_3@2x.png"; sourceTree = "<group>"; };
		B448446B16EB9C3A0064C9EB /* hind_e_4.png */ = {isa = PBXFileReference; lastKnownFileType = image.png; path = hind_e_4.png; sourceTree = "<group>"; };
		B448446C16EB9C3A0064C9EB /* hind_e_4@2x.png */ = {isa = PBXFileReference; lastKnownFileType = image.png; path = "hind_e_4@2x.png"; sourceTree = "<group>"; };
		B448446D16EB9C3A0064C9EB /* hind_e_5.png */ = {isa = PBXFileReference; lastKnownFileType = image.png; path = hind_e_5.png; sourceTree = "<group>"; };
		B448446E16EB9C3A0064C9EB /* hind_e_5@2x.png */ = {isa = PBXFileReference; lastKnownFileType = image.png; path = "hind_e_5@2x.png"; sourceTree = "<group>"; };
		B448446F16EB9C3A0064C9EB /* hind_s_1.png */ = {isa = PBXFileReference; lastKnownFileType = image.png; path = hind_s_1.png; sourceTree = "<group>"; };
		B448447016EB9C3A0064C9EB /* hind_s_1@2x.png */ = {isa = PBXFileReference; lastKnownFileType = image.png; path = "hind_s_1@2x.png"; sourceTree = "<group>"; };
		B448447116EB9C3A0064C9EB /* hind_s_2.png */ = {isa = PBXFileReference; lastKnownFileType = image.png; path = hind_s_2.png; sourceTree = "<group>"; };
		B448447216EB9C3A0064C9EB /* hind_s_2@2x.png */ = {isa = PBXFileReference; lastKnownFileType = image.png; path = "hind_s_2@2x.png"; sourceTree = "<group>"; };
		B448447316EB9C3A0064C9EB /* hind_s_3.png */ = {isa = PBXFileReference; lastKnownFileType = image.png; path = hind_s_3.png; sourceTree = "<group>"; };
		B448447416EB9C3A0064C9EB /* hind_s_3@2x.png */ = {isa = PBXFileReference; lastKnownFileType = image.png; path = "hind_s_3@2x.png"; sourceTree = "<group>"; };
		B448447516EB9C3A0064C9EB /* hind_s_4.png */ = {isa = PBXFileReference; lastKnownFileType = image.png; path = hind_s_4.png; sourceTree = "<group>"; };
		B448447616EB9C3A0064C9EB /* hind_s_4@2x.png */ = {isa = PBXFileReference; lastKnownFileType = image.png; path = "hind_s_4@2x.png"; sourceTree = "<group>"; };
		B448447716EB9C3A0064C9EB /* hind_s_5.png */ = {isa = PBXFileReference; lastKnownFileType = image.png; path = hind_s_5.png; sourceTree = "<group>"; };
		B448447816EB9C3A0064C9EB /* hind_s_5@2x.png */ = {isa = PBXFileReference; lastKnownFileType = image.png; path = "hind_s_5@2x.png"; sourceTree = "<group>"; };
		B448448D16EB9D380064C9EB /* hind_full.png */ = {isa = PBXFileReference; lastKnownFileType = image.png; path = hind_full.png; sourceTree = "<group>"; };
		B448448E16EB9D380064C9EB /* hind_full@2x.png */ = {isa = PBXFileReference; lastKnownFileType = image.png; path = "hind_full@2x.png"; sourceTree = "<group>"; };
		B448449316EBA2D30064C9EB /* banner-top.png */ = {isa = PBXFileReference; lastKnownFileType = image.png; path = "banner-top.png"; sourceTree = "<group>"; };
		B448449416EBA2D30064C9EB /* banner-top@2x.png */ = {isa = PBXFileReference; lastKnownFileType = image.png; path = "banner-top@2x.png"; sourceTree = "<group>"; };
		B473891C16EEA51D0081B69C /* MediaPlayer.framework */ = {isa = PBXFileReference; lastKnownFileType = wrapper.framework; name = MediaPlayer.framework; path = System/Library/Frameworks/MediaPlayer.framework; sourceTree = SDKROOT; };
		B473891E16EEA5410081B69C /* AVFoundation.framework */ = {isa = PBXFileReference; lastKnownFileType = wrapper.framework; name = AVFoundation.framework; path = System/Library/Frameworks/AVFoundation.framework; sourceTree = SDKROOT; };
		B482F18016C554C700A42760 /* asad_full.png */ = {isa = PBXFileReference; lastKnownFileType = image.png; path = asad_full.png; sourceTree = "<group>"; };
		B4F90B0116F8A88E0011AFCA /* zahiyee_full.png */ = {isa = PBXFileReference; lastKnownFileType = image.png; path = zahiyee_full.png; sourceTree = "<group>"; };
		B4F90B0216F8A88E0011AFCA /* zahiyee_full@2x.png */ = {isa = PBXFileReference; lastKnownFileType = image.png; path = "zahiyee_full@2x.png"; sourceTree = "<group>"; };
		B4F90B0316F8A88E0011AFCA /* youssef_full.png */ = {isa = PBXFileReference; lastKnownFileType = image.png; path = youssef_full.png; sourceTree = "<group>"; };
		B4F90B0416F8A88E0011AFCA /* youssef_full@2x.png */ = {isa = PBXFileReference; lastKnownFileType = image.png; path = "youssef_full@2x.png"; sourceTree = "<group>"; };
		B4F9441616B0A1F90092EFFF /* lebanon-tablet.app */ = {isa = PBXFileReference; explicitFileType = wrapper.application; includeInIndex = 0; path = "lebanon-tablet.app"; sourceTree = BUILT_PRODUCTS_DIR; };
		B4F9441A16B0A1F90092EFFF /* UIKit.framework */ = {isa = PBXFileReference; lastKnownFileType = wrapper.framework; name = UIKit.framework; path = System/Library/Frameworks/UIKit.framework; sourceTree = SDKROOT; };
		B4F9441C16B0A1F90092EFFF /* Foundation.framework */ = {isa = PBXFileReference; lastKnownFileType = wrapper.framework; name = Foundation.framework; path = System/Library/Frameworks/Foundation.framework; sourceTree = SDKROOT; };
		B4F9441E16B0A1F90092EFFF /* CoreGraphics.framework */ = {isa = PBXFileReference; lastKnownFileType = wrapper.framework; name = CoreGraphics.framework; path = System/Library/Frameworks/CoreGraphics.framework; sourceTree = SDKROOT; };
		B4F9442216B0A1F90092EFFF /* lebanon-tablet-Info.plist */ = {isa = PBXFileReference; lastKnownFileType = text.plist.xml; path = "lebanon-tablet-Info.plist"; sourceTree = "<group>"; };
		B4F9442416B0A1F90092EFFF /* en */ = {isa = PBXFileReference; lastKnownFileType = text.plist.strings; name = en; path = en.lproj/InfoPlist.strings; sourceTree = "<group>"; };
		B4F9442616B0A1F90092EFFF /* main.m */ = {isa = PBXFileReference; lastKnownFileType = sourcecode.c.objc; path = main.m; sourceTree = "<group>"; };
		B4F9442816B0A1F90092EFFF /* lebanon-tablet-Prefix.pch */ = {isa = PBXFileReference; lastKnownFileType = sourcecode.c.h; path = "lebanon-tablet-Prefix.pch"; sourceTree = "<group>"; };
		B4F9442916B0A1F90092EFFF /* AppDelegate.h */ = {isa = PBXFileReference; lastKnownFileType = sourcecode.c.h; path = AppDelegate.h; sourceTree = "<group>"; };
		B4F9442A16B0A1F90092EFFF /* AppDelegate.m */ = {isa = PBXFileReference; lastKnownFileType = sourcecode.c.objc; path = AppDelegate.m; sourceTree = "<group>"; };
		B4F9442C16B0A1F90092EFFF /* Default.png */ = {isa = PBXFileReference; lastKnownFileType = image.png; path = Default.png; sourceTree = "<group>"; };
		B4F9442E16B0A1F90092EFFF /* Default@2x.png */ = {isa = PBXFileReference; lastKnownFileType = image.png; path = "Default@2x.png"; sourceTree = "<group>"; };
		B4F9443016B0A1F90092EFFF /* Default-568h@2x.png */ = {isa = PBXFileReference; lastKnownFileType = image.png; path = "Default-568h@2x.png"; sourceTree = "<group>"; };
		B4F9443316B0A1F90092EFFF /* en */ = {isa = PBXFileReference; lastKnownFileType = file.storyboard; name = en; path = en.lproj/MainStoryboard.storyboard; sourceTree = "<group>"; };
		B4F9443D16B0A2250092EFFF /* StoryPoint.h */ = {isa = PBXFileReference; fileEncoding = 4; lastKnownFileType = sourcecode.c.h; path = StoryPoint.h; sourceTree = "<group>"; };
		B4F9443E16B0A2250092EFFF /* StoryPoint.m */ = {isa = PBXFileReference; fileEncoding = 4; lastKnownFileType = sourcecode.c.objc; path = StoryPoint.m; sourceTree = "<group>"; };
		B4F9444216B0A2900092EFFF /* StoryPointViewController.h */ = {isa = PBXFileReference; fileEncoding = 4; lastKnownFileType = sourcecode.c.h; path = StoryPointViewController.h; sourceTree = "<group>"; };
		B4F9444316B0A2900092EFFF /* StoryPointViewController.m */ = {isa = PBXFileReference; fileEncoding = 4; lastKnownFileType = sourcecode.c.objc; path = StoryPointViewController.m; sourceTree = "<group>"; };
		B4F9444516B0A2E70092EFFF /* MainMenuViewController.h */ = {isa = PBXFileReference; fileEncoding = 4; lastKnownFileType = sourcecode.c.h; path = MainMenuViewController.h; sourceTree = "<group>"; };
		B4F9444616B0A2E70092EFFF /* MainMenuViewController.m */ = {isa = PBXFileReference; fileEncoding = 4; lastKnownFileType = sourcecode.c.objc; path = MainMenuViewController.m; sourceTree = "<group>"; };
		B4F9444816B0A2F80092EFFF /* CharacterSelectionViewController.h */ = {isa = PBXFileReference; fileEncoding = 4; lastKnownFileType = sourcecode.c.h; path = CharacterSelectionViewController.h; sourceTree = "<group>"; };
		B4F9444916B0A2F80092EFFF /* CharacterSelectionViewController.m */ = {isa = PBXFileReference; fileEncoding = 4; lastKnownFileType = sourcecode.c.objc; path = CharacterSelectionViewController.m; sourceTree = "<group>"; };
		B4F9444B16B0A3080092EFFF /* CharacterDetailViewController.h */ = {isa = PBXFileReference; fileEncoding = 4; lastKnownFileType = sourcecode.c.h; path = CharacterDetailViewController.h; sourceTree = "<group>"; };
		B4F9444C16B0A3080092EFFF /* CharacterDetailViewController.m */ = {isa = PBXFileReference; fileEncoding = 4; lastKnownFileType = sourcecode.c.objc; path = CharacterDetailViewController.m; sourceTree = "<group>"; };
		B4F9444E16B0A3C60092EFFF /* ConclusionViewController.h */ = {isa = PBXFileReference; fileEncoding = 4; lastKnownFileType = sourcecode.c.h; path = ConclusionViewController.h; sourceTree = "<group>"; };
		B4F9444F16B0A3C60092EFFF /* ConclusionViewController.m */ = {isa = PBXFileReference; fileEncoding = 4; lastKnownFileType = sourcecode.c.objc; path = ConclusionViewController.m; sourceTree = "<group>"; };
		B4F9445116B0A3D40092EFFF /* HistoricalViewController.h */ = {isa = PBXFileReference; fileEncoding = 4; lastKnownFileType = sourcecode.c.h; path = HistoricalViewController.h; sourceTree = "<group>"; };
		B4F9445216B0A3D40092EFFF /* HistoricalViewController.m */ = {isa = PBXFileReference; fileEncoding = 4; lastKnownFileType = sourcecode.c.objc; path = HistoricalViewController.m; sourceTree = "<group>"; };
		B4F9445416B0A3DD0092EFFF /* GameOverViewController.h */ = {isa = PBXFileReference; fileEncoding = 4; lastKnownFileType = sourcecode.c.h; path = GameOverViewController.h; sourceTree = "<group>"; };
		B4F9445516B0A3DD0092EFFF /* GameOverViewController.m */ = {isa = PBXFileReference; fileEncoding = 4; lastKnownFileType = sourcecode.c.objc; path = GameOverViewController.m; sourceTree = "<group>"; };
		B4F9446716B0C0740092EFFF /* cedaricon72.png */ = {isa = PBXFileReference; lastKnownFileType = image.png; name = cedaricon72.png; path = ../cedaricon72.png; sourceTree = "<group>"; };
		B4F9446916B0C07F0092EFFF /* cedaricon144.png */ = {isa = PBXFileReference; lastKnownFileType = image.png; name = cedaricon144.png; path = ../cedaricon144.png; sourceTree = "<group>"; };
		B4FD9D3F170DAEFB0050EC15 /* stay_in_lebanon.png */ = {isa = PBXFileReference; lastKnownFileType = image.png; path = stay_in_lebanon.png; sourceTree = "<group>"; };
		B4FD9D40170DAEFB0050EC15 /* stay_in_lebanon@2x.png */ = {isa = PBXFileReference; lastKnownFileType = image.png; path = "stay_in_lebanon@2x.png"; sourceTree = "<group>"; };
		DC80597A16CC7B7F00174441 /* As'ad.png */ = {isa = PBXFileReference; lastKnownFileType = image.png; path = "As'ad.png"; sourceTree = "<group>"; };
		DC836C2D16E90DDB00E07FB5 /* blank.png */ = {isa = PBXFileReference; lastKnownFileType = image.png; path = blank.png; sourceTree = "<group>"; };
		DC836C2E16E90DDB00E07FB5 /* blank@2x.png */ = {isa = PBXFileReference; lastKnownFileType = image.png; path = "blank@2x.png"; sourceTree = "<group>"; };
		DC836C3116E917BF00E07FB5 /* blank_full.png */ = {isa = PBXFileReference; lastKnownFileType = image.png; path = blank_full.png; sourceTree = "<group>"; };
		DC90E47D16C83F990054B704 /* libsqlite3.0.dylib */ = {isa = PBXFileReference; lastKnownFileType = "compiled.mach-o.dylib"; name = libsqlite3.0.dylib; path = usr/lib/libsqlite3.0.dylib; sourceTree = SDKROOT; };
/* End PBXFileReference section */

/* Begin PBXFrameworksBuildPhase section */
		B4F9441316B0A1F90092EFFF /* Frameworks */ = {
			isa = PBXFrameworksBuildPhase;
			buildActionMask = 2147483647;
			files = (
				6B71309D16EFA0CA004801E7 /* AVFoundation.framework in Frameworks */,
				B473891D16EEA51D0081B69C /* MediaPlayer.framework in Frameworks */,
				DC90E47E16C83F990054B704 /* libsqlite3.0.dylib in Frameworks */,
				B4F9441B16B0A1F90092EFFF /* UIKit.framework in Frameworks */,
				B4F9441D16B0A1F90092EFFF /* Foundation.framework in Frameworks */,
				B4F9441F16B0A1F90092EFFF /* CoreGraphics.framework in Frameworks */,
			);
			runOnlyForDeploymentPostprocessing = 0;
		};
/* End PBXFrameworksBuildPhase section */

/* Begin PBXGroup section */
		B448446316EB9C110064C9EB /* As'ad */ = {
			isa = PBXGroup;
			children = (
				B40F282C16EBBBC5007649E9 /* asad_full@2x.png */,
				B482F18016C554C700A42760 /* asad_full.png */,
				DC80597A16CC7B7F00174441 /* As'ad.png */,
				6B217CAF16DD3AA9005FBEA6 /* asad_s_1.png */,
				6B217CB016DD3AA9005FBEA6 /* asad_s_1@2x.png */,
				6B217CB116DD3AA9005FBEA6 /* asad_s_2.png */,
				6B217CB216DD3AA9005FBEA6 /* asad_s_2@2x.png */,
				6B217CB316DD3AA9005FBEA6 /* asad_s_3.png */,
				6B217CB416DD3AA9005FBEA6 /* asad_s_3@2x.png */,
				6B217CB516DD3AA9005FBEA6 /* asad_s_4.png */,
				6B217CB616DD3AA9005FBEA6 /* asad_s_4@2x.png */,
				6B217CB716DD3AA9005FBEA6 /* asad_s_5.png */,
				6B217CB816DD3AA9005FBEA6 /* asad_s_5@2x.png */,
				6B217CB916DD3AA9005FBEA6 /* asad_e_3.png */,
				6B217CBA16DD3AA9005FBEA6 /* asad_e_3@2x.png */,
				6B217CBB16DD3AA9005FBEA6 /* asad_e_4.png */,
				6B217CBC16DD3AA9005FBEA6 /* asad_e_4@2x.png */,
				6B217CBD16DD3AA9005FBEA6 /* asad_e_5.png */,
				6B217CBE16DD3AA9005FBEA6 /* asad_e_5@2x.png */,
				6B217CBF16DD3AA9005FBEA6 /* asad_e_2.png */,
				6B217CC016DD3AA9005FBEA6 /* asad_e_2@2x.png */,
				6B217CC116DD3AA9005FBEA6 /* asad_e_1.png */,
				6B217CC216DD3AA9005FBEA6 /* asad_e_1@2x.png */,
				6B217C9E16DD3783005FBEA6 /* asad_portrait.png */,
				6B217C9F16DD3783005FBEA6 /* asad_portrait@2x.png */,
			);
			name = "As'ad";
			sourceTree = "<group>";
		};
		B448446416EB9C280064C9EB /* Hind */ = {
			isa = PBXGroup;
			children = (
				B448448D16EB9D380064C9EB /* hind_full.png */,
				B448448E16EB9D380064C9EB /* hind_full@2x.png */,
				B448446516EB9C3A0064C9EB /* hind_e_1.png */,
				B448446616EB9C3A0064C9EB /* hind_e_1@2x.png */,
				B448446716EB9C3A0064C9EB /* hind_e_2.png */,
				B448446816EB9C3A0064C9EB /* hind_e_2@2x.png */,
				B448446916EB9C3A0064C9EB /* hind_e_3.png */,
				B448446A16EB9C3A0064C9EB /* hind_e_3@2x.png */,
				B448446B16EB9C3A0064C9EB /* hind_e_4.png */,
				B448446C16EB9C3A0064C9EB /* hind_e_4@2x.png */,
				B448446D16EB9C3A0064C9EB /* hind_e_5.png */,
				B448446E16EB9C3A0064C9EB /* hind_e_5@2x.png */,
				B448446F16EB9C3A0064C9EB /* hind_s_1.png */,
				B448447016EB9C3A0064C9EB /* hind_s_1@2x.png */,
				B448447116EB9C3A0064C9EB /* hind_s_2.png */,
				B448447216EB9C3A0064C9EB /* hind_s_2@2x.png */,
				B448447316EB9C3A0064C9EB /* hind_s_3.png */,
				B448447416EB9C3A0064C9EB /* hind_s_3@2x.png */,
				B448447516EB9C3A0064C9EB /* hind_s_4.png */,
				B448447616EB9C3A0064C9EB /* hind_s_4@2x.png */,
				B448447716EB9C3A0064C9EB /* hind_s_5.png */,
				B448447816EB9C3A0064C9EB /* hind_s_5@2x.png */,
				6B217CA016DD3783005FBEA6 /* hind_portrait.png */,
				6B217CA116DD3783005FBEA6 /* hind_portrait@2x.png */,
			);
			name = Hind;
			sourceTree = "<group>";
		};
		B448449116EBA2650064C9EB /* Zahiyee */ = {
			isa = PBXGroup;
			children = (
				6B762F43170B3F4C0099E745 /* zahiyee_e_1.png */,
				6B762F44170B3F4C0099E745 /* zahiyee_e_1@2x.png */,
				6B762F45170B3F4C0099E745 /* zahiyee_e_2.png */,
				6B762F46170B3F4C0099E745 /* zahiyee_e_2@2x.png */,
				6B762F47170B3F4C0099E745 /* zahiyee_e_3.png */,
				6B762F48170B3F4C0099E745 /* zahiyee_e_3@2x.png */,
				6B762F49170B3F4C0099E745 /* zahiyee_e_4.png */,
				6B762F4A170B3F4C0099E745 /* zahiyee_e_4@2x.png */,
				6B762F4B170B3F4C0099E745 /* zahiyee_e_5.png */,
				6B762F4C170B3F4C0099E745 /* zahiyee_e_5@2x.png */,
				6B762F4D170B3F4C0099E745 /* zahiyee_s_1.png */,
				6B762F4E170B3F4C0099E745 /* zahiyee_s_1@2x.png */,
				6B762F4F170B3F4C0099E745 /* zahiyee_s_2.png */,
				6B762F50170B3F4C0099E745 /* zahiyee_s_2@2x.png */,
				6B762F51170B3F4C0099E745 /* zahiyee_s_3.png */,
				6B762F52170B3F4C0099E745 /* zahiyee_s_3@2x.png */,
				6B762F53170B3F4C0099E745 /* zahiyee_s_4.png */,
				6B762F54170B3F4C0099E745 /* zahiyee_s_4@2x.png */,
				6B762F55170B3F4C0099E745 /* zahiyee_s_5.png */,
				6B762F56170B3F4C0099E745 /* zahiyee_s_5@2x.png */,
				B4F90B0116F8A88E0011AFCA /* zahiyee_full.png */,
				B4F90B0216F8A88E0011AFCA /* zahiyee_full@2x.png */,
				6B217CA216DD3783005FBEA6 /* zahiyee_portrait.png */,
				6B217CA316DD3783005FBEA6 /* zahiyee_portrait@2x.png */,
			);
			name = Zahiyee;
			sourceTree = "<group>";
		};
		B448449216EBA26B0064C9EB /* Youssef */ = {
			isa = PBXGroup;
			children = (
				6B762F2B170B3F4C0099E745 /* youssef_e_1.png */,
				6B762F2C170B3F4C0099E745 /* youssef_e_1@2x.png */,
				6B762F2D170B3F4C0099E745 /* youssef_e_2.png */,
				6B762F2E170B3F4C0099E745 /* youssef_e_2@2x.png */,
				6B762F2F170B3F4C0099E745 /* youssef_e_3.png */,
				6B762F30170B3F4C0099E745 /* youssef_e_3@2x.png */,
				6B762F31170B3F4C0099E745 /* youssef_e_4.png */,
				6B762F32170B3F4C0099E745 /* youssef_e_4@2x.png */,
				6B762F33170B3F4C0099E745 /* youssef_e_5.png */,
				6B762F34170B3F4C0099E745 /* youssef_e_5@2x.png */,
				6B762F35170B3F4C0099E745 /* youssef_e_6.png */,
				6B762F36170B3F4C0099E745 /* youssef_e_6@2x.png */,
				6B762F37170B3F4C0099E745 /* youssef_s_1.png */,
				6B762F38170B3F4C0099E745 /* youssef_s_1@2x.png */,
				6B762F39170B3F4C0099E745 /* youssef_s_2.png */,
				6B762F3A170B3F4C0099E745 /* youssef_s_2@2x.png */,
				6B762F3B170B3F4C0099E745 /* youssef_s_3.png */,
				6B762F3C170B3F4C0099E745 /* youssef_s_3@2x.png */,
				6B762F3D170B3F4C0099E745 /* youssef_s_4.png */,
				6B762F3E170B3F4C0099E745 /* youssef_s_4@2x.png */,
				6B762F3F170B3F4C0099E745 /* youssef_s_5.png */,
				6B762F40170B3F4C0099E745 /* youssef_s_5@2x.png */,
				6B762F41170B3F4C0099E745 /* youssef_s_6.png */,
				6B762F42170B3F4C0099E745 /* youssef_s_6@2x.png */,
				B4F90B0316F8A88E0011AFCA /* youssef_full.png */,
				B4F90B0416F8A88E0011AFCA /* youssef_full@2x.png */,
				6B217CA416DD3783005FBEA6 /* youssef_portrait.png */,
				6B217CA516DD3783005FBEA6 /* youssef_portrait@2x.png */,
			);
			name = Youssef;
			sourceTree = "<group>";
		};
		B4F9440B16B0A1F90092EFFF = {
			isa = PBXGroup;
			children = (
				B4F9442016B0A1F90092EFFF /* lebanon-tablet */,
				B4F9441916B0A1F90092EFFF /* Frameworks */,
				B4F9441716B0A1F90092EFFF /* Products */,
			);
			sourceTree = "<group>";
		};
		B4F9441716B0A1F90092EFFF /* Products */ = {
			isa = PBXGroup;
			children = (
				B4F9441616B0A1F90092EFFF /* lebanon-tablet.app */,
			);
			name = Products;
			sourceTree = "<group>";
		};
		B4F9441916B0A1F90092EFFF /* Frameworks */ = {
			isa = PBXGroup;
			children = (
				B473891E16EEA5410081B69C /* AVFoundation.framework */,
				B473891C16EEA51D0081B69C /* MediaPlayer.framework */,
				DC90E47D16C83F990054B704 /* libsqlite3.0.dylib */,
				B4F9441A16B0A1F90092EFFF /* UIKit.framework */,
				B4F9441C16B0A1F90092EFFF /* Foundation.framework */,
				B4F9441E16B0A1F90092EFFF /* CoreGraphics.framework */,
			);
			name = Frameworks;
			sourceTree = "<group>";
		};
		B4F9442016B0A1F90092EFFF /* lebanon-tablet */ = {
			isa = PBXGroup;
			children = (
				B4F9446D16B0C6E70092EFFF /* images */,
				B4F9443216B0A1F90092EFFF /* MainStoryboard.storyboard */,
				B4F9442916B0A1F90092EFFF /* AppDelegate.h */,
				B4F9442A16B0A1F90092EFFF /* AppDelegate.m */,
				B4F9444116B0A2350092EFFF /* View Controllers */,
				B4F9442116B0A1F90092EFFF /* Supporting Files */,
				B4F9444016B0A2290092EFFF /* Game Classes */,
			);
			path = "lebanon-tablet";
			sourceTree = "<group>";
		};
		B4F9442116B0A1F90092EFFF /* Supporting Files */ = {
			isa = PBXGroup;
			children = (
				B4F9443016B0A1F90092EFFF /* Default-568h@2x.png */,
				B4F9442C16B0A1F90092EFFF /* Default.png */,
				B4F9442E16B0A1F90092EFFF /* Default@2x.png */,
				B40F282A16EBB462007649E9 /* Garamond.ttf */,
				B4442D8A170DBEC400D32AF4 /* GaramondBold.ttf */,
				6B71308216EF8A37004801E7 /* grandfather.mp4 */,
				B4F9442316B0A1F90092EFFF /* InfoPlist.strings */,
				6BC012F716D3E51800149DD9 /* Journey.sqlite */,
				6B71309916EF9DDC004801E7 /* laytana.m4a */,
				B4F9442216B0A1F90092EFFF /* lebanon-tablet-Info.plist */,
				B4F9442816B0A1F90092EFFF /* lebanon-tablet-Prefix.pch */,
				B4F9442616B0A1F90092EFFF /* main.m */,
				6B71309A16EF9DDC004801E7 /* masar.m4a */,
			);
			name = "Supporting Files";
			sourceTree = "<group>";
		};
		B4F9444016B0A2290092EFFF /* Game Classes */ = {
			isa = PBXGroup;
			children = (
				B4F9443D16B0A2250092EFFF /* StoryPoint.h */,
				B4F9443E16B0A2250092EFFF /* StoryPoint.m */,
				B43B7FD716BA00EE00311DC3 /* Character.h */,
				B43B7FD816BA00EE00311DC3 /* Character.m */,
				B43B7FDA16BA026A00311DC3 /* GameStateManager.h */,
				B43B7FDB16BA026A00311DC3 /* GameStateManager.m */,
			);
			name = "Game Classes";
			sourceTree = "<group>";
		};
		B4F9444116B0A2350092EFFF /* View Controllers */ = {
			isa = PBXGroup;
			children = (
				B4F9444B16B0A3080092EFFF /* CharacterDetailViewController.h */,
				B4F9444C16B0A3080092EFFF /* CharacterDetailViewController.m */,
				B4F9444816B0A2F80092EFFF /* CharacterSelectionViewController.h */,
				B4F9444916B0A2F80092EFFF /* CharacterSelectionViewController.m */,
				B4F9444E16B0A3C60092EFFF /* ConclusionViewController.h */,
				B4F9444F16B0A3C60092EFFF /* ConclusionViewController.m */,
				B4F9445416B0A3DD0092EFFF /* GameOverViewController.h */,
				B4F9445516B0A3DD0092EFFF /* GameOverViewController.m */,
				B4F9445116B0A3D40092EFFF /* HistoricalViewController.h */,
				B4F9445216B0A3D40092EFFF /* HistoricalViewController.m */,
				B4F9444516B0A2E70092EFFF /* MainMenuViewController.h */,
				B4F9444616B0A2E70092EFFF /* MainMenuViewController.m */,
				B4F9444216B0A2900092EFFF /* StoryPointViewController.h */,
				B4F9444316B0A2900092EFFF /* StoryPointViewController.m */,
			);
			name = "View Controllers";
			sourceTree = "<group>";
		};
		B4F9446D16B0C6E70092EFFF /* images */ = {
			isa = PBXGroup;
			children = (
				B4FD9D43170DAF6B0050EC15 /* Miscellaneous */,
				B448446316EB9C110064C9EB /* As'ad */,
				B448446416EB9C280064C9EB /* Hind */,
				B448449216EBA26B0064C9EB /* Youssef */,
				B448449116EBA2650064C9EB /* Zahiyee */,
			);
			name = images;
			sourceTree = "<group>";
		};
		B4FD9D43170DAF6B0050EC15 /* Miscellaneous */ = {
			isa = PBXGroup;
			children = (
				B4F9446916B0C07F0092EFFF /* cedaricon144.png */,
				B4F9446716B0C0740092EFFF /* cedaricon72.png */,
				B448449316EBA2D30064C9EB /* banner-top.png */,
				B448449416EBA2D30064C9EB /* banner-top@2x.png */,
				DC836C2D16E90DDB00E07FB5 /* blank.png */,
				DC836C2E16E90DDB00E07FB5 /* blank@2x.png */,
				DC836C3116E917BF00E07FB5 /* blank_full.png */,
				B444836016C9BB3F00495A08 /* blank_portrait.png */,
				6B29B83C16B19F9400EFC77D /* bodymockup.png */,
				6B29B84116B1A10700EFC77D /* lebanon.png */,
				6B29B84216B1A10700EFC77D /* nc.png */,
				6B29B83D16B19F9400EFC77D /* portraitmockup.png */,
				B4FD9D3F170DAEFB0050EC15 /* stay_in_lebanon.png */,
				B4FD9D40170DAEFB0050EC15 /* stay_in_lebanon@2x.png */,
				6B29B84516B1A28400EFC77D /* storypanels.png */,
			);
			name = Miscellaneous;
			sourceTree = "<group>";
		};
/* End PBXGroup section */

/* Begin PBXNativeTarget section */
		B4F9441516B0A1F90092EFFF /* lebanon-tablet */ = {
			isa = PBXNativeTarget;
			buildConfigurationList = B4F9443A16B0A1F90092EFFF /* Build configuration list for PBXNativeTarget "lebanon-tablet" */;
			buildPhases = (
				B4F9441216B0A1F90092EFFF /* Sources */,
				B4F9441316B0A1F90092EFFF /* Frameworks */,
				B4F9441416B0A1F90092EFFF /* Resources */,
			);
			buildRules = (
			);
			dependencies = (
			);
			name = "lebanon-tablet";
			productName = "lebanon-tablet";
			productReference = B4F9441616B0A1F90092EFFF /* lebanon-tablet.app */;
			productType = "com.apple.product-type.application";
		};
/* End PBXNativeTarget section */

/* Begin PBXProject section */
		B4F9440D16B0A1F90092EFFF /* Project object */ = {
			isa = PBXProject;
			attributes = {
				LastUpgradeCheck = 0450;
				ORGANIZATIONNAME = SeriousGamesLebanon;
			};
			buildConfigurationList = B4F9441016B0A1F90092EFFF /* Build configuration list for PBXProject "lebanon-tablet" */;
			compatibilityVersion = "Xcode 3.2";
			developmentRegion = English;
			hasScannedForEncodings = 0;
			knownRegions = (
				en,
			);
			mainGroup = B4F9440B16B0A1F90092EFFF;
			productRefGroup = B4F9441716B0A1F90092EFFF /* Products */;
			projectDirPath = "";
			projectRoot = "";
			targets = (
				B4F9441516B0A1F90092EFFF /* lebanon-tablet */,
			);
		};
/* End PBXProject section */

/* Begin PBXResourcesBuildPhase section */
		B4F9441416B0A1F90092EFFF /* Resources */ = {
			isa = PBXResourcesBuildPhase;
			buildActionMask = 2147483647;
			files = (
				B4442D8B170DC1EF00D32AF4 /* GaramondBold.ttf in Resources */,
				B4F9442516B0A1F90092EFFF /* InfoPlist.strings in Resources */,
				B4F9442D16B0A1F90092EFFF /* Default.png in Resources */,
				B4F9442F16B0A1F90092EFFF /* Default@2x.png in Resources */,
				B4F9443116B0A1F90092EFFF /* Default-568h@2x.png in Resources */,
				B4F9443416B0A1F90092EFFF /* MainStoryboard.storyboard in Resources */,
				B4F9446816B0C0740092EFFF /* cedaricon72.png in Resources */,
				B4F9446A16B0C07F0092EFFF /* cedaricon144.png in Resources */,
				6B29B83E16B19F9400EFC77D /* bodymockup.png in Resources */,
				6B29B83F16B19F9400EFC77D /* portraitmockup.png in Resources */,
				6B29B84316B1A10700EFC77D /* lebanon.png in Resources */,
				6B29B84416B1A10700EFC77D /* nc.png in Resources */,
				6B29B84616B1A28400EFC77D /* storypanels.png in Resources */,
				B482F18516C554C700A42760 /* asad_full.png in Resources */,
				B444836116C9BB3F00495A08 /* blank_portrait.png in Resources */,
				DC80597B16CC7B7F00174441 /* As'ad.png in Resources */,
				6BC012F816D3E51800149DD9 /* Journey.sqlite in Resources */,
				6B217CA616DD3783005FBEA6 /* asad_portrait.png in Resources */,
				6B217CA716DD3783005FBEA6 /* asad_portrait@2x.png in Resources */,
				6B217CA816DD3783005FBEA6 /* hind_portrait.png in Resources */,
				6B217CA916DD3783005FBEA6 /* hind_portrait@2x.png in Resources */,
				6B217CAA16DD3783005FBEA6 /* zahiyee_portrait.png in Resources */,
				6B217CAB16DD3783005FBEA6 /* zahiyee_portrait@2x.png in Resources */,
				6B217CAC16DD3783005FBEA6 /* youssef_portrait.png in Resources */,
				6B217CAD16DD3783005FBEA6 /* youssef_portrait@2x.png in Resources */,
				6B217CC316DD3AA9005FBEA6 /* asad_s_1.png in Resources */,
				6B217CC416DD3AA9005FBEA6 /* asad_s_1@2x.png in Resources */,
				6B217CC516DD3AA9005FBEA6 /* asad_s_2.png in Resources */,
				6B217CC616DD3AA9005FBEA6 /* asad_s_2@2x.png in Resources */,
				6B217CC716DD3AA9005FBEA6 /* asad_s_3.png in Resources */,
				6B217CC816DD3AA9005FBEA6 /* asad_s_3@2x.png in Resources */,
				6B217CC916DD3AA9005FBEA6 /* asad_s_4.png in Resources */,
				6B217CCA16DD3AA9005FBEA6 /* asad_s_4@2x.png in Resources */,
				6B217CCB16DD3AA9005FBEA6 /* asad_s_5.png in Resources */,
				6B217CCC16DD3AA9005FBEA6 /* asad_s_5@2x.png in Resources */,
				6B217CCD16DD3AA9005FBEA6 /* asad_e_3.png in Resources */,
				6B217CCE16DD3AA9005FBEA6 /* asad_e_3@2x.png in Resources */,
				6B217CCF16DD3AA9005FBEA6 /* asad_e_4.png in Resources */,
				6B217CD016DD3AA9005FBEA6 /* asad_e_4@2x.png in Resources */,
				6B217CD116DD3AA9005FBEA6 /* asad_e_5.png in Resources */,
				6B217CD216DD3AA9005FBEA6 /* asad_e_5@2x.png in Resources */,
				6B217CD316DD3AA9005FBEA6 /* asad_e_2.png in Resources */,
				6B217CD416DD3AA9005FBEA6 /* asad_e_2@2x.png in Resources */,
				6B217CD516DD3AA9005FBEA6 /* asad_e_1.png in Resources */,
				6B217CD616DD3AA9005FBEA6 /* asad_e_1@2x.png in Resources */,
				DC836C2F16E90DDB00E07FB5 /* blank.png in Resources */,
				DC836C3016E90DDB00E07FB5 /* blank@2x.png in Resources */,
				DC836C3216E917C000E07FB5 /* blank_full.png in Resources */,
				B448447916EB9C3A0064C9EB /* hind_e_1.png in Resources */,
				B448447A16EB9C3A0064C9EB /* hind_e_1@2x.png in Resources */,
				B448447B16EB9C3A0064C9EB /* hind_e_2.png in Resources */,
				B448447C16EB9C3A0064C9EB /* hind_e_2@2x.png in Resources */,
				B448447D16EB9C3A0064C9EB /* hind_e_3.png in Resources */,
				B448447E16EB9C3A0064C9EB /* hind_e_3@2x.png in Resources */,
				B448447F16EB9C3A0064C9EB /* hind_e_4.png in Resources */,
				B448448016EB9C3A0064C9EB /* hind_e_4@2x.png in Resources */,
				B448448116EB9C3A0064C9EB /* hind_e_5.png in Resources */,
				B448448216EB9C3A0064C9EB /* hind_e_5@2x.png in Resources */,
				B448448316EB9C3A0064C9EB /* hind_s_1.png in Resources */,
				B448448416EB9C3A0064C9EB /* hind_s_1@2x.png in Resources */,
				B448448516EB9C3A0064C9EB /* hind_s_2.png in Resources */,
				B448448616EB9C3A0064C9EB /* hind_s_2@2x.png in Resources */,
				B448448716EB9C3A0064C9EB /* hind_s_3.png in Resources */,
				B448448816EB9C3A0064C9EB /* hind_s_3@2x.png in Resources */,
				B448448916EB9C3A0064C9EB /* hind_s_4.png in Resources */,
				B448448A16EB9C3A0064C9EB /* hind_s_4@2x.png in Resources */,
				B448448B16EB9C3A0064C9EB /* hind_s_5.png in Resources */,
				B448448C16EB9C3A0064C9EB /* hind_s_5@2x.png in Resources */,
				B448448F16EB9D380064C9EB /* hind_full.png in Resources */,
				B448449016EB9D380064C9EB /* hind_full@2x.png in Resources */,
				B448449516EBA2D30064C9EB /* banner-top.png in Resources */,
				B448449616EBA2D30064C9EB /* banner-top@2x.png in Resources */,
				B40F282B16EBB462007649E9 /* Garamond.ttf in Resources */,
				B40F282D16EBBBC5007649E9 /* asad_full@2x.png in Resources */,
				6B71308316EF8A37004801E7 /* grandfather.mp4 in Resources */,
				6B71309B16EF9DDC004801E7 /* laytana.m4a in Resources */,
				6B71309C16EF9DDC004801E7 /* masar.m4a in Resources */,
				B4F90B0516F8A88E0011AFCA /* zahiyee_full.png in Resources */,
				B4F90B0616F8A88E0011AFCA /* zahiyee_full@2x.png in Resources */,
				B4F90B0716F8A88E0011AFCA /* youssef_full.png in Resources */,
				B4F90B0816F8A88E0011AFCA /* youssef_full@2x.png in Resources */,
				6B762F57170B3F4C0099E745 /* youssef_e_1.png in Resources */,
				6B762F58170B3F4C0099E745 /* youssef_e_1@2x.png in Resources */,
				6B762F59170B3F4C0099E745 /* youssef_e_2.png in Resources */,
				6B762F5A170B3F4C0099E745 /* youssef_e_2@2x.png in Resources */,
				6B762F5B170B3F4C0099E745 /* youssef_e_3.png in Resources */,
				6B762F5C170B3F4C0099E745 /* youssef_e_3@2x.png in Resources */,
				6B762F5D170B3F4C0099E745 /* youssef_e_4.png in Resources */,
				6B762F5E170B3F4C0099E745 /* youssef_e_4@2x.png in Resources */,
				6B762F5F170B3F4C0099E745 /* youssef_e_5.png in Resources */,
				6B762F60170B3F4C0099E745 /* youssef_e_5@2x.png in Resources */,
				6B762F61170B3F4C0099E745 /* youssef_e_6.png in Resources */,
				6B762F62170B3F4C0099E745 /* youssef_e_6@2x.png in Resources */,
				6B762F63170B3F4C0099E745 /* youssef_s_1.png in Resources */,
				6B762F64170B3F4C0099E745 /* youssef_s_1@2x.png in Resources */,
				6B762F65170B3F4C0099E745 /* youssef_s_2.png in Resources */,
				6B762F66170B3F4C0099E745 /* youssef_s_2@2x.png in Resources */,
				6B762F67170B3F4C0099E745 /* youssef_s_3.png in Resources */,
				6B762F68170B3F4C0099E745 /* youssef_s_3@2x.png in Resources */,
				6B762F69170B3F4C0099E745 /* youssef_s_4.png in Resources */,
				6B762F6A170B3F4C0099E745 /* youssef_s_4@2x.png in Resources */,
				6B762F6B170B3F4C0099E745 /* youssef_s_5.png in Resources */,
				6B762F6C170B3F4C0099E745 /* youssef_s_5@2x.png in Resources */,
				6B762F6D170B3F4C0099E745 /* youssef_s_6.png in Resources */,
				6B762F6E170B3F4C0099E745 /* youssef_s_6@2x.png in Resources */,
				6B762F6F170B3F4C0099E745 /* zahiyee_e_1.png in Resources */,
				6B762F70170B3F4C0099E745 /* zahiyee_e_1@2x.png in Resources */,
				6B762F71170B3F4C0099E745 /* zahiyee_e_2.png in Resources */,
				6B762F72170B3F4C0099E745 /* zahiyee_e_2@2x.png in Resources */,
				6B762F73170B3F4C0099E745 /* zahiyee_e_3.png in Resources */,
				6B762F74170B3F4C0099E745 /* zahiyee_e_3@2x.png in Resources */,
				6B762F75170B3F4C0099E745 /* zahiyee_e_4.png in Resources */,
				6B762F76170B3F4C0099E745 /* zahiyee_e_4@2x.png in Resources */,
				6B762F77170B3F4C0099E745 /* zahiyee_e_5.png in Resources */,
				6B762F78170B3F4C0099E745 /* zahiyee_e_5@2x.png in Resources */,
				6B762F79170B3F4C0099E745 /* zahiyee_s_1.png in Resources */,
				6B762F7A170B3F4C0099E745 /* zahiyee_s_1@2x.png in Resources */,
				6B762F7B170B3F4C0099E745 /* zahiyee_s_2.png in Resources */,
				6B762F7C170B3F4C0099E745 /* zahiyee_s_2@2x.png in Resources */,
				6B762F7D170B3F4C0099E745 /* zahiyee_s_3.png in Resources */,
				6B762F7E170B3F4C0099E745 /* zahiyee_s_3@2x.png in Resources */,
				6B762F7F170B3F4C0099E745 /* zahiyee_s_4.png in Resources */,
				6B762F80170B3F4C0099E745 /* zahiyee_s_4@2x.png in Resources */,
				6B762F81170B3F4C0099E745 /* zahiyee_s_5.png in Resources */,
				6B762F82170B3F4C0099E745 /* zahiyee_s_5@2x.png in Resources */,
				B4FD9D41170DAEFB0050EC15 /* stay_in_lebanon.png in Resources */,
				B4FD9D42170DAEFB0050EC15 /* stay_in_lebanon@2x.png in Resources */,
			);
			runOnlyForDeploymentPostprocessing = 0;
		};
/* End PBXResourcesBuildPhase section */

/* Begin PBXSourcesBuildPhase section */
		B4F9441216B0A1F90092EFFF /* Sources */ = {
			isa = PBXSourcesBuildPhase;
			buildActionMask = 2147483647;
			files = (
				B4F9442716B0A1F90092EFFF /* main.m in Sources */,
				B4F9442B16B0A1F90092EFFF /* AppDelegate.m in Sources */,
				B4F9443F16B0A2250092EFFF /* StoryPoint.m in Sources */,
				B4F9444416B0A2900092EFFF /* StoryPointViewController.m in Sources */,
				B4F9444716B0A2E70092EFFF /* MainMenuViewController.m in Sources */,
				B4F9444A16B0A2F80092EFFF /* CharacterSelectionViewController.m in Sources */,
				B4F9444D16B0A3080092EFFF /* CharacterDetailViewController.m in Sources */,
				B4F9445016B0A3C60092EFFF /* ConclusionViewController.m in Sources */,
				B4F9445316B0A3D40092EFFF /* HistoricalViewController.m in Sources */,
				B4F9445616B0A3DD0092EFFF /* GameOverViewController.m in Sources */,
				B43B7FD916BA00EE00311DC3 /* Character.m in Sources */,
				B43B7FDC16BA026A00311DC3 /* GameStateManager.m in Sources */,
			);
			runOnlyForDeploymentPostprocessing = 0;
		};
/* End PBXSourcesBuildPhase section */

/* Begin PBXVariantGroup section */
		B4F9442316B0A1F90092EFFF /* InfoPlist.strings */ = {
			isa = PBXVariantGroup;
			children = (
				B4F9442416B0A1F90092EFFF /* en */,
			);
			name = InfoPlist.strings;
			sourceTree = "<group>";
		};
		B4F9443216B0A1F90092EFFF /* MainStoryboard.storyboard */ = {
			isa = PBXVariantGroup;
			children = (
				B4F9443316B0A1F90092EFFF /* en */,
			);
			name = MainStoryboard.storyboard;
			sourceTree = "<group>";
		};
/* End PBXVariantGroup section */

/* Begin XCBuildConfiguration section */
		B4F9443816B0A1F90092EFFF /* Debug */ = {
			isa = XCBuildConfiguration;
			buildSettings = {
				ALWAYS_SEARCH_USER_PATHS = NO;
				CLANG_CXX_LANGUAGE_STANDARD = "gnu++0x";
				CLANG_CXX_LIBRARY = "libc++";
				CLANG_ENABLE_OBJC_ARC = YES;
				CLANG_WARN_EMPTY_BODY = YES;
				CLANG_WARN__DUPLICATE_METHOD_MATCH = YES;
				"CODE_SIGN_IDENTITY[sdk=iphoneos*]" = "iPhone Developer";
				COPY_PHASE_STRIP = NO;
				GCC_C_LANGUAGE_STANDARD = gnu99;
				GCC_DYNAMIC_NO_PIC = NO;
				GCC_OPTIMIZATION_LEVEL = 0;
				GCC_PREPROCESSOR_DEFINITIONS = (
					"DEBUG=1",
					"$(inherited)",
				);
				GCC_SYMBOLS_PRIVATE_EXTERN = NO;
				GCC_WARN_ABOUT_RETURN_TYPE = YES;
				GCC_WARN_UNINITIALIZED_AUTOS = YES;
				GCC_WARN_UNUSED_VARIABLE = YES;
				IPHONEOS_DEPLOYMENT_TARGET = 6.0;
				ONLY_ACTIVE_ARCH = YES;
				SDKROOT = iphoneos;
				TARGETED_DEVICE_FAMILY = 2;
			};
			name = Debug;
		};
		B4F9443916B0A1F90092EFFF /* Release */ = {
			isa = XCBuildConfiguration;
			buildSettings = {
				ALWAYS_SEARCH_USER_PATHS = NO;
				CLANG_CXX_LANGUAGE_STANDARD = "gnu++0x";
				CLANG_CXX_LIBRARY = "libc++";
				CLANG_ENABLE_OBJC_ARC = YES;
				CLANG_WARN_EMPTY_BODY = YES;
				CLANG_WARN__DUPLICATE_METHOD_MATCH = YES;
				"CODE_SIGN_IDENTITY[sdk=iphoneos*]" = "iPhone Developer";
				COPY_PHASE_STRIP = YES;
				GCC_C_LANGUAGE_STANDARD = gnu99;
				GCC_WARN_ABOUT_RETURN_TYPE = YES;
				GCC_WARN_UNINITIALIZED_AUTOS = YES;
				GCC_WARN_UNUSED_VARIABLE = YES;
				IPHONEOS_DEPLOYMENT_TARGET = 6.0;
				OTHER_CFLAGS = "-DNS_BLOCK_ASSERTIONS=1";
				SDKROOT = iphoneos;
				TARGETED_DEVICE_FAMILY = 2;
				VALIDATE_PRODUCT = YES;
			};
			name = Release;
		};
		B4F9443B16B0A1F90092EFFF /* Debug */ = {
			isa = XCBuildConfiguration;
			buildSettings = {
				GCC_PRECOMPILE_PREFIX_HEADER = YES;
				GCC_PREFIX_HEADER = "lebanon-tablet/lebanon-tablet-Prefix.pch";
				INFOPLIST_FILE = "lebanon-tablet/lebanon-tablet-Info.plist";
				PRODUCT_NAME = "$(TARGET_NAME)";
				WRAPPER_EXTENSION = app;
			};
			name = Debug;
		};
		B4F9443C16B0A1F90092EFFF /* Release */ = {
			isa = XCBuildConfiguration;
			buildSettings = {
				GCC_PRECOMPILE_PREFIX_HEADER = YES;
				GCC_PREFIX_HEADER = "lebanon-tablet/lebanon-tablet-Prefix.pch";
				INFOPLIST_FILE = "lebanon-tablet/lebanon-tablet-Info.plist";
				PRODUCT_NAME = "$(TARGET_NAME)";
				WRAPPER_EXTENSION = app;
			};
			name = Release;
		};
/* End XCBuildConfiguration section */

/* Begin XCConfigurationList section */
		B4F9441016B0A1F90092EFFF /* Build configuration list for PBXProject "lebanon-tablet" */ = {
			isa = XCConfigurationList;
			buildConfigurations = (
				B4F9443816B0A1F90092EFFF /* Debug */,
				B4F9443916B0A1F90092EFFF /* Release */,
			);
			defaultConfigurationIsVisible = 0;
			defaultConfigurationName = Release;
		};
		B4F9443A16B0A1F90092EFFF /* Build configuration list for PBXNativeTarget "lebanon-tablet" */ = {
			isa = XCConfigurationList;
			buildConfigurations = (
				B4F9443B16B0A1F90092EFFF /* Debug */,
				B4F9443C16B0A1F90092EFFF /* Release */,
			);
			defaultConfigurationIsVisible = 0;
			defaultConfigurationName = Release;
		};
/* End XCConfigurationList section */
	};
	rootObject = B4F9440D16B0A1F90092EFFF /* Project object */;
}
